{
    "_meta": {
        "hash": {
            "sha256": "6a0affd936900daf88b0f3c72e590a9de500b4c0ab576c97aa39ab88fe8ff589"
        },
        "pipfile-spec": 6,
        "requires": {
            "python_version": "3.11.1"
        },
        "sources": [
            {
                "name": "pypi",
                "url": "https://pypi.org/simple",
                "verify_ssl": true
            }
        ]
    },
    "default": {
        "amqp": {
            "hashes": [
                "sha256:2c1b13fecc0893e946c65cbd5f36427861cffa4ea2201d8f6fca22e2a373b5e2",
                "sha256:6f0956d2c23d8fa6e7691934d8c3930eadb44972cbbd1a7ae3a520f735d43359"
            ],
            "markers": "python_version >= '3.6'",
            "version": "==5.1.1"
        },
        "billiard": {
            "hashes": [
                "sha256:299de5a8da28a783d51b197d496bef4f1595dd023a93a4f59dde1886ae905547",
                "sha256:87103ea78fa6ab4d5c751c4909bcff74617d985de7fa8b672cf8618afd5a875b"
            ],
            "version": "==3.6.4.0"
        },
        "boto3": {
            "hashes": [
                "sha256:9a0a29179957cb26fa8c3c1fddf66b18efaeaf633e08db5fb53815ffb0421419",
                "sha256:eb8cde24a4c5755c35126e8cd460e6b51c63d04292419e7e95721232720c7e5b"
            ],
            "index": "pypi",
            "version": "==1.26.69"
        },
        "botocore": {
            "hashes": [
                "sha256:2a4ab8bcb3177daa425019e125c09996b9a6a1a62bb0baaaeeb86ffd552719cc",
                "sha256:7e1bebca013544fbc298cb58603bfccd5f71b49c720a5c33c07cf5dfc8145a1f"
            ],
            "markers": "python_version >= '3.7'",
            "version": "==1.29.69"
        },
        "celery": {
            "hashes": [
                "sha256:138420c020cd58d6707e6257b6beda91fd39af7afde5d36c6334d175302c0e14",
                "sha256:fafbd82934d30f8a004f81e8f7a062e31413a23d444be8ee3326553915958c6d"
            ],
            "index": "pypi",
            "version": "==5.2.7"
        },
        "click": {
            "hashes": [
                "sha256:7682dc8afb30297001674575ea00d1814d808d6a36af415a82bd481d37ba7b8e",
                "sha256:bb4d8133cb15a609f44e8213d9b391b0809795062913b383c62be0ee95b1db48"
            ],
            "markers": "python_version >= '3.7'",
            "version": "==8.1.3"
        },
        "click-didyoumean": {
            "hashes": [
                "sha256:a0713dc7a1de3f06bc0df5a9567ad19ead2d3d5689b434768a6145bff77c0667",
                "sha256:f184f0d851d96b6d29297354ed981b7dd71df7ff500d82fa6d11f0856bee8035"
            ],
            "markers": "python_full_version >= '3.6.2' and python_full_version < '4.0.0'",
            "version": "==0.3.0"
        },
        "click-plugins": {
            "hashes": [
                "sha256:46ab999744a9d831159c3411bb0c79346d94a444df9a3a3742e9ed63645f264b",
                "sha256:5d262006d3222f5057fd81e1623d4443e41dcda5dc815c06b442aa3c02889fc8"
            ],
            "version": "==1.1.1"
        },
        "click-repl": {
            "hashes": [
                "sha256:94b3fbbc9406a236f176e0506524b2937e4b23b6f4c0c0b2a0a83f8a64e9194b",
                "sha256:cd12f68d745bf6151210790540b4cb064c7b13e571bc64b6957d98d120dacfd8"
            ],
            "version": "==0.2.0"
        },
        "jmespath": {
            "hashes": [
                "sha256:02e2e4cc71b5bcab88332eebf907519190dd9e6e82107fa7f83b1003a6252980",
                "sha256:90261b206d6defd58fdd5e85f478bf633a2901798906be2ad389150c5c60edbe"
            ],
            "markers": "python_version >= '3.7'",
            "version": "==1.0.1"
        },
        "kombu": {
            "hashes": [
                "sha256:37cee3ee725f94ea8bb173eaab7c1760203ea53bbebae226328600f9d2799610",
                "sha256:8b213b24293d3417bcf0d2f5537b7f756079e3ea232a8386dcc89a59fd2361a4"
            ],
            "markers": "python_version >= '3.7'",
            "version": "==5.2.4"
        },
        "logger-vinreco": {
            "git": "https://git-codecommit.ap-south-1.amazonaws.com/v1/repos/logger-vinreco.git",
            "ref": "3b55e677c8a4772b21026b6a7fe32807ca4e3f9a"
        },
        "mongodb-vinreco": {
            "editable": true,
            "git": "https://git-codecommit.ap-south-1.amazonaws.com/v1/repos/mongodb-vinreco.git",
            "ref": "0adb6ac945bf5e2d6900b686501330fcd9564f49"
        },
        "prompt-toolkit": {
            "hashes": [
                "sha256:3e163f254bef5a03b146397d7c1963bd3e2812f0964bb9a24e6ec761fd28db63",
                "sha256:aa64ad242a462c5ff0363a7b9cfe696c20d55d9fc60c11fd8e632d064804d305"
            ],
            "markers": "python_full_version >= '3.6.2'",
            "version": "==3.0.36"
        },
        "pycurl": {
            "hashes": [
                "sha256:5730590be0271364a5bddd9e245c9cc0fb710c4cbacbdd95264a3122d23224ca"
            ],
            "index": "pypi",
            "version": "==7.45.2"
        },
        "pymongo": {
            "hashes": [
                "sha256:0407a985a052477127fbb94132508a3d14296ec026b1e6570695b99e88046dc0",
                "sha256:042cae6b624fef2514afedd6ad769ebe7dc043a5bc6abd23b563761efbdee1d1",
                "sha256:047355718484e35c72bb64781b36b6a88259597b6746da3f6d705fb1e689105b",
                "sha256:0631a6f2208d20adf78b0b3b92e4cfd18bd6ced0bcceebaf5e60905da3b3fb63",
                "sha256:0ca48d0f92523d894d7dfa1d4f197a60f7bb363d23108809a67df1a9a61ffc18",
                "sha256:0f8406991e2d4559e2949d4f6ff0b4b6c0015589921087e3406733c693ccc415",
                "sha256:117cd5416fe2b327f9ad717675d14ac60c41a4ef1e996b9b4bedbcea7d529711",
                "sha256:12c9c72e7e709592cf7a426b72560f7e93b21c2a7ae006c78f67b0589650b803",
                "sha256:13889d7e92404a176ceb62a27b41122bf88a47ce25d34e51e2561597f0d5b1fc",
                "sha256:16a1d13d4af356f97d0944d7a081686f4498f8a6641ef5f28e3c4731ecbeb723",
                "sha256:196bf22e2a659bd295eb3fea291cd0af889790d623cfe3fbbe73d61042101f1c",
                "sha256:1cc38077c2c6ed4bc5008b22d87e10d7485292f8f839ff5b43399bfc97b4c0b8",
                "sha256:1db1c610656436514e7809f9cb36050fc7a86cc6c3246d72c1e272108ebf0fc6",
                "sha256:1e2bfee898b430437b8db7a7ccc5b922db7268019a1b30eff51df16cd31c78aa",
                "sha256:1e5f7b8ca288cb9fec03be1e2ccb392272458bf4a25d2cdf821968caed4ff29a",
                "sha256:2a181ba186cf20cbadc19a7e1b31d28b4b8e8804e7f31ec826b6fdc896a5ccd6",
                "sha256:2aae55a1eb7ede1a409e7f5705db03d2c8ff15a11da7fc32db0e6de4c395cfba",
                "sha256:312217fe8a390980137b87b93d8bb44b83893c59839ada9bbaa493c15287fed6",
                "sha256:33e0800518d562936f8e9b0d76cb6614450ea157034245ab6a3a4afc45064a65",
                "sha256:3615d47a1e7f700df1f8772dddab1d2014b521d59026c782edce465ffecf9d40",
                "sha256:3873c8191efe2227ecd19e36bbe7dd5f9c3381524ea8ed6c3609e31054bfdb61",
                "sha256:387c435dc5575907f4a752d3c863d8beb1f57aa792d074c64f3c8c152a2120c2",
                "sha256:3c3b932989fa84b01c37fb5d2c958050a3502f8506fb5449e4a1600e55e30414",
                "sha256:3dd91e8c14057530a9445a4f905312603b1d5141d4eb2630c9b7b6e1405357f5",
                "sha256:3de57fbb829555cae99a90fbbb3abc22aadecf0c2b7939afebb4eb909c0d72f5",
                "sha256:409edd79362f93e39a7c8ee5ac174a0054012f7eb84cdd31185f22d25377f624",
                "sha256:40e970b7ceeef09ee96d31b35e294eef79ab3683c9211eb7854df9391cddb0c3",
                "sha256:42d4a5a4babb174d4e3106c90d98e8a457a9ade0af7f4f2a6fdb37282fec5dcc",
                "sha256:46e8beba730c11549007bb6ae2794dbd449ef8dea547bff594b683cdd05e5757",
                "sha256:471960f8c9f55e1518d0124d326b6952c69ed7ddd114f8bf200ed571d7486901",
                "sha256:477149f3df6fac400f368b850544a7dcc4c2fc5268adcc2dbb78144de1cbfac7",
                "sha256:47c674f40595b92bdffd6e2de127cec86e13418f05fcab51cc567430c3b2712f",
                "sha256:48b785a12d8c767ac63f3b1bd412fffb76c1daf6a89f712a3f68eb2845735163",
                "sha256:4b74430d01e03dc5fb530302d3ae86da4bdca1fa8f8fc6389bf167b44f882c34",
                "sha256:4d86b980bb5a9217c6d35da31f0a0c0e02064afb8d7423dc2a2ab68cc2aab6f7",
                "sha256:4dcacb05cc8f831e2137ff9fbbd1ac0e37964d0bb11f3b411945e55e42d794b2",
                "sha256:4e22e02923962c18718bf35bd9d76d5fedf42346f7f9522cd96754be3fba4ea4",
                "sha256:502557a0af2a9fbc062426fb585f5af0c27ed905601b698b14d868b6ec193639",
                "sha256:5337638862eb892582a1d199023cf7961168f8b4c2f3f5cd000114b4dee36de4",
                "sha256:53be412acb3d673a95f31a212ce2d5dd654dc763b81a1b28563d996812ad03af",
                "sha256:54423a3e15852cb5ae013c875132fabc87fef4c40ca956f97ee8eee2bb14576e",
                "sha256:54e9a0063a50c56ceb32c20a34c0cd403a502368c6d7fc79d928a479e7b18d1f",
                "sha256:55230225157c2c730cb76f6863b18954464e44a0b50e9619f7fa930c8658721c",
                "sha256:57015275e8c2d71c445aacfc6597692eef3c7aa43677d4fca0638190061f1360",
                "sha256:5b0832a1df13a103d0a54f8627decebd42c83218929bce8818202e8f3ac4acad",
                "sha256:6110d6ef86717928aa1179da81fc98633171c9c81afc348cb2745c11d2365b6e",
                "sha256:622090f65a74a53d99f1d04b66d5ec371fd5c69ee1e4cb1a91963a7915e48456",
                "sha256:64ea5e97fca1a37f83df9f3460bf63640bc0d725e12f3471e6acbf3a6040dd37",
                "sha256:6645aa9e5297e7bdd40d5f7e4821290e1011e0dff3829ba0737666ea16ac7654",
                "sha256:68965c7065c71f9a6202b677c0831a5e76f021ee195cb347475392b9b8e5008f",
                "sha256:6e061b6049f912dc64811031afdb8e7b7bc279b43893c877d29c092dd09345e5",
                "sha256:6f4a10454ca78467356c3b94dc7719bb31c01d9ea91aa7afed92f1e6aa6b77a1",
                "sha256:745bf27a7cd33ecf857430dee6f6f7b8ec13c9d61c1c599a76e61343f7a60417",
                "sha256:7592841a4dd74041d0875ae0420bf0af8bc170d65cd135a1c837069e9c1a52a5",
                "sha256:786b7d3ab9abc992e67eef358cf875c2334a8cfc02592c80062bd982742e4129",
                "sha256:7b5dd978a9ac399a1789f57818e8cf5187ee2a71886d7843ba33c29743b193be",
                "sha256:7bfb0512efaf066ad373d9dbd06af0478060b5f0a2528ab015d81426bab0dc38",
                "sha256:7c59c45644890150873665634466f8864d62a78979579758727897f9fa98570a",
                "sha256:8096336e567bd9e8a32a038f4efac5f2b3207d910f15832b01e6be8fb7faff26",
                "sha256:81c1eb7a2f19711023c82fdf9d1c5d94cd14e51af0b5d979d47d921a7719ac3e",
                "sha256:83c0cf43921b50126d66d02b708fc35a3e682eba77cb69bf66d5be1fadf8270a",
                "sha256:8570798dfd047dbee179f8567b431fcf03544f30748cb2a40c7fb638b3247f78",
                "sha256:86561901835a4294cf13616a828726c847a0c3ea57c4d8b2f3b85b0ebcd14737",
                "sha256:8966cb9f2b201dfbabdda17e1c1fe4d088f4b22fa4b74a2b19437babd0357b0d",
                "sha256:8b844acd05deff9d131f09211e18a2503d7e8beecf24923210afdf11c4299abb",
                "sha256:8c6a9b81ebac524e31fab03f2096362bb9dce34af2cecda008f16b5c921abf03",
                "sha256:8ffe1cee551d8ca5849c3ee98a08294687ab2339ac7a8e5bd4da4731b398b1e9",
                "sha256:92283813990ba873b1b1ed655985586fcb9f756b4998ca2fb216d2d0ffa6f3b1",
                "sha256:9542f748e1c2d0b014b62347e4a1fe13b7ee0103462d810ab84c6857be5fcb41",
                "sha256:9705ff2e2d97de98dd6ffa836305a8f29d343f81c2fa77b692e0fe14f30ea29c",
                "sha256:9cceec1120d86d81c5870294ebf1a611a1bc3da883322bad14aa9f30eb549bae",
                "sha256:9e731b263dca5293c6b16e9e7f1deec2039cc7ab31ed55fde632ac264b9a8c16",
                "sha256:9ed835835a4d14f675f2ecff584effd2f16e98be65340eb0b2b321296fc9d2f6",
                "sha256:9fd2e44011ff7cd4a72ce81e6950e608c00f96f9a7a24260311e3d590e6be361",
                "sha256:a6d4da81ace0fffdeef54a84ff9b9464b568e2ecde5808bed608198d575edbd3",
                "sha256:b15898447d967e6b3d3e09946bf4f93ee576cd12fc853bd6bf927e255717616a",
                "sha256:b87c10e72f01f0b2ca7cdb8be087fb858f8046e97f3fafac36629bf896b6436d",
                "sha256:b8e9cf0e10c1f547ac226bfa016b526e5cc3b2655911e5f957a9c804dd217371",
                "sha256:b948da6912f794ce15837c6b43f8fad1954e66a1fe84b81fbb8cf612d733bfdc",
                "sha256:c214bf8ff2a7dc75c2fcdf7a203f5e392fa1a823adcd0168e5b8e2aca8480c7a",
                "sha256:caa9d91a7b6d444659eb6d23bd0ee863f850193598577f9c242437edeac21039",
                "sha256:cbe82e361b8c4e0290c03ccdbd17163d197804467d6b29813495d09d6f36b4b3",
                "sha256:cccf25559fec7c492e48a89a788ab27652904958ede2aacca2249c2990aa3ff0",
                "sha256:cf30e08447cd879b381b8f60a9e88505a7aa107618504cbcd79eb4f0cab2b01e",
                "sha256:d2989e7de67f757ae271bee68104e6e51c5a34b0a34249f0a17914e13717579e",
                "sha256:d3ec5d3147b969d8092b6d129fa03de0a9538e243e07eb1f3b2d8e5f6e4edea0",
                "sha256:d6877b9dafcc1f87ebbd861b510392d8d2cc409e9716e56a35bbc8b3ae3a9002",
                "sha256:db647a5045db322de36eed0605056f3b010c24d896edabfc48fed2c37031ab1a",
                "sha256:dd30468648d8bf45a371dff0824908675bcf35d0015f23fe5cbb64031e0f1182",
                "sha256:df951114fad5ff0eefc2b3cd221eeeb0ed0b2be8b8c6309a0387bb8e1db7739a",
                "sha256:e039c7b2c185eddbd2ac4844f5d0ab802b2a1b77f3e426d0623d8f1cc140fd9e",
                "sha256:e41254b18271bf290a4bed31a289390889ec87fba7dd7d14afb6382293dad060",
                "sha256:e826c174bbd5426974defe4ce76065e48e52aa0933be37dee84f84b8d23609e8",
                "sha256:e9c6851832e25339eaa79c521ee54b81c20cd51ab3f18dab2ebd0500eaa17a79",
                "sha256:e9e78c737991a693e07175d47bf2845a61d360fbdf45ac1c62f4567836c3d871",
                "sha256:ede4710dee74a55df8caeda3ab93efe5999c2b37f84d27905d780487ff4ad99f",
                "sha256:eebe7b44d6481e09614e2726dd494a591af66063e360168264edb5ed22986303",
                "sha256:f1e42595ace57e863a4e935e316d02ec17f14aa54c171fc9f53f6e2def659bef",
                "sha256:f2479d5986ca3267b19249c3c63fc5c4dcc84024062f9f19338ed458f8bfcd91",
                "sha256:f3dd383c930aaee1bd3e467cff8628c156b8390fea99c2f9af658b9bbdf7b905",
                "sha256:f5c02f79825311f7c30ce59b0a01051504b5ba3eea4d3f0bf4c141b274a04f0d",
                "sha256:f6d43a27ac95144c67017aa7517b88ed5f022a2fb2b7f5986ad43ffad0064993",
                "sha256:f8fc6b060175eaf61637f6e4f2f2c89c9e99de6c58a389179afd21d65c9a497b",
                "sha256:f9cb5fff99c3ffe111dbc4509681b239272b0764e54537a3727d8b37fb9755de",
                "sha256:fb1d60798a7b3c67cc38ad9bbad9c2954490ab76373ad8c162ec31699ce18946",
                "sha256:fe22e7ed10241f22241a641434fb9ffef99c1d1f2c66a4d725f4b01bc26ca08d",
                "sha256:ff568200b3447a3d85c06212f225135f5fca3bb65f582fcac1a7a6aeeac6aa38"
            ],
            "version": "==3.12.2"
        },
        "python-dateutil": {
            "hashes": [
                "sha256:0123cacc1627ae19ddf3c27a5de5bd67ee4586fbdd6440d9748f8abb483d3e86",
                "sha256:961d03dc3453ebbc59dbdea9e4e11c5651520a876d0f4db161e8674aae935da9"
            ],
            "markers": "python_version >= '2.7' and python_version not in '3.0, 3.1, 3.2, 3.3'",
            "version": "==2.8.2"
        },
        "pytz": {
            "hashes": [
                "sha256:01a0681c4b9684a28304615eba55d1ab31ae00bf68ec157ec3708a8182dbbcd0",
                "sha256:78f4f37d8198e0627c5f1143240bb0206b8691d8d7ac6d78fee88b78733f8c4a"
            ],
            "version": "==2022.7.1"
        },
        "s3transfer": {
            "hashes": [
                "sha256:06176b74f3a15f61f1b4f25a1fc29a4429040b7647133a463da8fa5bd28d5ecd",
                "sha256:2ed07d3866f523cc561bf4a00fc5535827981b117dd7876f036b0c1aca42c947"
            ],
            "markers": "python_version >= '3.7'",
            "version": "==0.6.0"
        },
        "six": {
            "hashes": [
                "sha256:1e61c37477a1626458e36f7b1d82aa5c9b094fa4802892072e49de9c60c4c926",
                "sha256:8abb2f1d86890a2dfb989f9a77cfcfd3e47c2a354b01111771326f8aa26e0254"
            ],
            "markers": "python_version >= '2.7' and python_version not in '3.0, 3.1, 3.2, 3.3'",
            "version": "==1.16.0"
        },
        "urllib3": {
            "hashes": [
                "sha256:076907bf8fd355cde77728471316625a4d2f7e713c125f51953bb5b3eecf4f72",
                "sha256:75edcdc2f7d85b137124a6c3c9fc3933cdeaa12ecb9a6a959f22797a0feca7e1"
            ],
            "markers": "python_version >= '2.7' and python_version not in '3.0, 3.1, 3.2, 3.3, 3.4, 3.5'",
            "version": "==1.26.14"
        },
        "vine": {
            "hashes": [
                "sha256:4c9dceab6f76ed92105027c49c823800dd33cacce13bdedc5b914e3514b7fb30",
                "sha256:7d3b1624a953da82ef63462013bbd271d3eb75751489f9807598e8f340bd637e"
            ],
            "markers": "python_version >= '3.6'",
            "version": "==5.0.0"
        },
        "wcwidth": {
            "hashes": [
                "sha256:795b138f6875577cd91bba52baf9e445cd5118fd32723b460e30a0af30ea230e",
                "sha256:a5220780a404dbe3353789870978e472cfe477761f06ee55077256e509b156d0"
            ],
            "version": "==0.2.6"
        }
    },
    "develop": {}
}
